
Microsoft Visual Studio Solution File, Format Version 12.00
# Visual Studio Version 17
VisualStudioVersion = 17.10.35122.118
MinimumVisualStudioVersion = 10.0.40219.1
Project("{FAE04EC0-301F-11D3-BF4B-00C04F79EFBC}") = "WRST", "WRST\WRST.csproj", "{E22A8BE3-347D-415B-80A2-349268F76B26}"
EndProject
Global
	GlobalSection(SolutionConfigurationPlatforms) = preSolution
		Debug|Any CPU = Debug|Any CPU
		Debug|x64 = Debug|x64
		Release|Any CPU = Release|Any CPU
		Release|x64 = Release|x64
	EndGlobalSection
	GlobalSection(ProjectConfigurationPlatforms) = postSolution
		{E22A8BE3-347D-415B-80A2-349268F76B26}.Debug|Any CPU.ActiveCfg = Debug|Any CPU
		{E22A8BE3-347D-415B-80A2-349268F76B26}.Debug|Any CPU.Build.0 = Debug|Any CPU
		{E22A8BE3-347D-415B-80A2-349268F76B26}.Debug|x64.ActiveCfg = Debug|x64
		{E22A8BE3-347D-415B-80A2-349268F76B26}.Debug|x64.Build.0 = Debug|x64
		{E22A8BE3-347D-415B-80A2-349268F76B26}.Release|Any CPU.ActiveCfg = Release|x64
		{E22A8BE3-347D-415B-80A2-349268F76B26}.Release|Any CPU.Build.0 = Release|x64
		{E22A8BE3-347D-415B-80A2-349268F76B26}.Release|x64.ActiveCfg = Release|x64
		{E22A8BE3-347D-415B-80A2-349268F76B26}.Release|x64.Build.0 = Release|x64
	EndGlobalSection
	GlobalSection(SolutionProperties) = preSolution
		HideSolutionNode = FALSE
	EndGlobalSection
	GlobalSection(ExtensibilityGlobals) = postSolution
		SolutionGuid = {D6B1FADD-F7EC-4DA0-B240-9AAA2B8C5391}
	EndGlobalSection
EndGlobal
